
Microsoft Visual Studio Solution File, Format Version 12.00
# Visual Studio Version 16
VisualStudioVersion = 16.0.32630.194
MinimumVisualStudioVersion = 10.0.40219.1
Project("{8BC9CEB8-8B4A-11D0-8D11-00A0C91BC942}") = "directory_iterator_all", "directory_iterator_all.vcxproj", "{A4BF79DD-102A-48B0-A272-294307A665F5}"
EndProject
Project("{2150E333-8FDC-42A3-9474-1A3956D46DE8}") = "projects", "projects", "{72AD53F5-D5FB-46CC-BAB7-D77FDE63B468}"
EndProject
Project("{2150E333-8FDC-42A3-9474-1A3956D46DE8}") = "tests", "tests", "{A2B948E8-F5EB-4AAD-83B8-5D7167201524}"
EndProject
Project("{8BC9CEB8-8B4A-11D0-8D11-00A0C91BC942}") = "dir_iter_test01_cpp", "..\..\prj\tests\dir_iter_test01_cpp_vs\dir_iter_test01_cpp.vcxproj", "{A124CB88-C52B-4CB5-8D64-F86A33C8A240}"
EndProject
Project("{8BC9CEB8-8B4A-11D0-8D11-00A0C91BC942}") = "dir_iter_test01_c", "..\..\prj\tests\dir_iter_test01_c_vs\dir_iter_test01_c.vcxproj", "{48288288-71B8-4024-926A-89E59DBD8C13}"
EndProject
Project("{8BC9CEB8-8B4A-11D0-8D11-00A0C91BC942}") = "dir_iter_test02", "..\..\prj\tests\dir_iter_test02_vs\dir_iter_test02.vcxproj", "{A05AEBFA-0CA1-44C6-8D84-A517F87B01FA}"
EndProject
Global
	GlobalSection(SolutionConfigurationPlatforms) = preSolution
		Debug|ARM = Debug|ARM
		Debug|ARM64 = Debug|ARM64
		Debug|x64 = Debug|x64
		Debug|x86 = Debug|x86
		Release|ARM = Release|ARM
		Release|ARM64 = Release|ARM64
		Release|x64 = Release|x64
		Release|x86 = Release|x86
	EndGlobalSection
	GlobalSection(ProjectConfigurationPlatforms) = postSolution
		{A4BF79DD-102A-48B0-A272-294307A665F5}.Debug|ARM.ActiveCfg = Debug|ARM
		{A4BF79DD-102A-48B0-A272-294307A665F5}.Debug|ARM.Build.0 = Debug|ARM
		{A4BF79DD-102A-48B0-A272-294307A665F5}.Debug|ARM64.ActiveCfg = Debug|ARM64
		{A4BF79DD-102A-48B0-A272-294307A665F5}.Debug|ARM64.Build.0 = Debug|ARM64
		{A4BF79DD-102A-48B0-A272-294307A665F5}.Debug|x64.ActiveCfg = Debug|x64
		{A4BF79DD-102A-48B0-A272-294307A665F5}.Debug|x64.Build.0 = Debug|x64
		{A4BF79DD-102A-48B0-A272-294307A665F5}.Debug|x86.ActiveCfg = Debug|Win32
		{A4BF79DD-102A-48B0-A272-294307A665F5}.Debug|x86.Build.0 = Debug|Win32
		{A4BF79DD-102A-48B0-A272-294307A665F5}.Release|ARM.ActiveCfg = Release|ARM
		{A4BF79DD-102A-48B0-A272-294307A665F5}.Release|ARM.Build.0 = Release|ARM
		{A4BF79DD-102A-48B0-A272-294307A665F5}.Release|ARM64.ActiveCfg = Release|ARM64
		{A4BF79DD-102A-48B0-A272-294307A665F5}.Release|ARM64.Build.0 = Release|ARM64
		{A4BF79DD-102A-48B0-A272-294307A665F5}.Release|x64.ActiveCfg = Release|x64
		{A4BF79DD-102A-48B0-A272-294307A665F5}.Release|x64.Build.0 = Release|x64
		{A4BF79DD-102A-48B0-A272-294307A665F5}.Release|x86.ActiveCfg = Release|Win32
		{A4BF79DD-102A-48B0-A272-294307A665F5}.Release|x86.Build.0 = Release|Win32
		{A124CB88-C52B-4CB5-8D64-F86A33C8A240}.Debug|ARM.ActiveCfg = Debug|ARM
		{A124CB88-C52B-4CB5-8D64-F86A33C8A240}.Debug|ARM.Build.0 = Debug|ARM
		{A124CB88-C52B-4CB5-8D64-F86A33C8A240}.Debug|ARM64.ActiveCfg = Debug|ARM64
		{A124CB88-C52B-4CB5-8D64-F86A33C8A240}.Debug|ARM64.Build.0 = Debug|ARM64
		{A124CB88-C52B-4CB5-8D64-F86A33C8A240}.Debug|x64.ActiveCfg = Debug|x64
		{A124CB88-C52B-4CB5-8D64-F86A33C8A240}.Debug|x64.Build.0 = Debug|x64
		{A124CB88-C52B-4CB5-8D64-F86A33C8A240}.Debug|x86.ActiveCfg = Debug|Win32
		{A124CB88-C52B-4CB5-8D64-F86A33C8A240}.Debug|x86.Build.0 = Debug|Win32
		{A124CB88-C52B-4CB5-8D64-F86A33C8A240}.Release|ARM.ActiveCfg = Release|ARM
		{A124CB88-C52B-4CB5-8D64-F86A33C8A240}.Release|ARM.Build.0 = Release|ARM
		{A124CB88-C52B-4CB5-8D64-F86A33C8A240}.Release|ARM64.ActiveCfg = Release|ARM64
		{A124CB88-C52B-4CB5-8D64-F86A33C8A240}.Release|ARM64.Build.0 = Release|ARM64
		{A124CB88-C52B-4CB5-8D64-F86A33C8A240}.Release|x64.ActiveCfg = Release|x64
		{A124CB88-C52B-4CB5-8D64-F86A33C8A240}.Release|x64.Build.0 = Release|x64
		{A124CB88-C52B-4CB5-8D64-F86A33C8A240}.Release|x86.ActiveCfg = Release|Win32
		{A124CB88-C52B-4CB5-8D64-F86A33C8A240}.Release|x86.Build.0 = Release|Win32
		{48288288-71B8-4024-926A-89E59DBD8C13}.Debug|ARM.ActiveCfg = Debug|ARM
		{48288288-71B8-4024-926A-89E59DBD8C13}.Debug|ARM.Build.0 = Debug|ARM
		{48288288-71B8-4024-926A-89E59DBD8C13}.Debug|ARM64.ActiveCfg = Debug|ARM64
		{48288288-71B8-4024-926A-89E59DBD8C13}.Debug|ARM64.Build.0 = Debug|ARM64
		{48288288-71B8-4024-926A-89E59DBD8C13}.Debug|x64.ActiveCfg = Debug|x64
		{48288288-71B8-4024-926A-89E59DBD8C13}.Debug|x64.Build.0 = Debug|x64
		{48288288-71B8-4024-926A-89E59DBD8C13}.Debug|x86.ActiveCfg = Debug|Win32
		{48288288-71B8-4024-926A-89E59DBD8C13}.Debug|x86.Build.0 = Debug|Win32
		{48288288-71B8-4024-926A-89E59DBD8C13}.Release|ARM.ActiveCfg = Release|ARM
		{48288288-71B8-4024-926A-89E59DBD8C13}.Release|ARM.Build.0 = Release|ARM
		{48288288-71B8-4024-926A-89E59DBD8C13}.Release|ARM64.ActiveCfg = Release|ARM64
		{48288288-71B8-4024-926A-89E59DBD8C13}.Release|ARM64.Build.0 = Release|ARM64
		{48288288-71B8-4024-926A-89E59DBD8C13}.Release|x64.ActiveCfg = Release|x64
		{48288288-71B8-4024-926A-89E59DBD8C13}.Release|x64.Build.0 = Release|x64
		{48288288-71B8-4024-926A-89E59DBD8C13}.Release|x86.ActiveCfg = Release|Win32
		{48288288-71B8-4024-926A-89E59DBD8C13}.Release|x86.Build.0 = Release|Win32
		{A05AEBFA-0CA1-44C6-8D84-A517F87B01FA}.Debug|ARM.ActiveCfg = Debug|ARM
		{A05AEBFA-0CA1-44C6-8D84-A517F87B01FA}.Debug|ARM.Build.0 = Debug|ARM
		{A05AEBFA-0CA1-44C6-8D84-A517F87B01FA}.Debug|ARM64.ActiveCfg = Debug|ARM64
		{A05AEBFA-0CA1-44C6-8D84-A517F87B01FA}.Debug|ARM64.Build.0 = Debug|ARM64
		{A05AEBFA-0CA1-44C6-8D84-A517F87B01FA}.Debug|x64.ActiveCfg = Debug|x64
		{A05AEBFA-0CA1-44C6-8D84-A517F87B01FA}.Debug|x64.Build.0 = Debug|x64
		{A05AEBFA-0CA1-44C6-8D84-A517F87B01FA}.Debug|x86.ActiveCfg = Debug|Win32
		{A05AEBFA-0CA1-44C6-8D84-A517F87B01FA}.Debug|x86.Build.0 = Debug|Win32
		{A05AEBFA-0CA1-44C6-8D84-A517F87B01FA}.Release|ARM.ActiveCfg = Release|ARM
		{A05AEBFA-0CA1-44C6-8D84-A517F87B01FA}.Release|ARM.Build.0 = Release|ARM
		{A05AEBFA-0CA1-44C6-8D84-A517F87B01FA}.Release|ARM64.ActiveCfg = Release|ARM64
		{A05AEBFA-0CA1-44C6-8D84-A517F87B01FA}.Release|ARM64.Build.0 = Release|ARM64
		{A05AEBFA-0CA1-44C6-8D84-A517F87B01FA}.Release|x64.ActiveCfg = Release|x64
		{A05AEBFA-0CA1-44C6-8D84-A517F87B01FA}.Release|x64.Build.0 = Release|x64
		{A05AEBFA-0CA1-44C6-8D84-A517F87B01FA}.Release|x86.ActiveCfg = Release|Win32
		{A05AEBFA-0CA1-44C6-8D84-A517F87B01FA}.Release|x86.Build.0 = Release|Win32
	EndGlobalSection
	GlobalSection(SolutionProperties) = preSolution
		HideSolutionNode = FALSE
	EndGlobalSection
	GlobalSection(NestedProjects) = preSolution
		{A2B948E8-F5EB-4AAD-83B8-5D7167201524} = {72AD53F5-D5FB-46CC-BAB7-D77FDE63B468}
		{A124CB88-C52B-4CB5-8D64-F86A33C8A240} = {A2B948E8-F5EB-4AAD-83B8-5D7167201524}
		{48288288-71B8-4024-926A-89E59DBD8C13} = {A2B948E8-F5EB-4AAD-83B8-5D7167201524}
		{A05AEBFA-0CA1-44C6-8D84-A517F87B01FA} = {A2B948E8-F5EB-4AAD-83B8-5D7167201524}
	EndGlobalSection
	GlobalSection(ExtensibilityGlobals) = postSolution
		SolutionGuid = {E7F0C389-1D3A-4DDC-8F1D-B709B8DD2AB6}
	EndGlobalSection
EndGlobal
