<?xml version="1.0" encoding="utf-8"?>
<Project ToolsVersion="4.0" xmlns="http://schemas.microsoft.com/developer/msbuild/2003">
  <ItemGroup>
    <Filter Include="Source Files">
      <UniqueIdentifier>{4FC737F1-C7A5-4376-A066-2A32D752A2FF}</UniqueIdentifier>
      <Extensions>cpp;c;cc;cxx;c++;cppm;ixx;def;odl;idl;hpj;bat;asm;asmx</Extensions>
    </Filter>
    <Filter Include="Header Files">
      <UniqueIdentifier>{93995380-89BD-4b04-88EB-625FBE52EBFB}</UniqueIdentifier>
      <Extensions>h;hh;hpp;hxx;h++;hm;inl;inc;ipp;xsd</Extensions>
    </Filter>
    <Filter Include="Resource Files">
      <UniqueIdentifier>{67DA6AB6-F800-4c08-8B7A-83BB121AAD01}</UniqueIdentifier>
      <Extensions>rc;ico;cur;bmp;dlg;rc2;rct;bin;rgs;gif;jpg;jpeg;jpe;resx;tiff;tif;png;wav;mfcribbon-ms</Extensions>
    </Filter>
    <Filter Include="Header Files\include">
      <UniqueIdentifier>{2f342bb5-5163-4951-91ef-b90263687d5d}</UniqueIdentifier>
    </Filter>
    <Filter Include="Header Files\include\directory_iterator">
      <UniqueIdentifier>{6cc140cc-aa5f-44bd-9d00-f2b4213a76cf}</UniqueIdentifier>
    </Filter>
    <Filter Include="repo_files">
      <UniqueIdentifier>{a45d8aa0-bf7e-4835-931d-580a2a221ffa}</UniqueIdentifier>
    </Filter>
    <Filter Include="repo_files\prj">
      <UniqueIdentifier>{b2baf493-1908-4eda-a7a6-683674b0dcbb}</UniqueIdentifier>
    </Filter>
    <Filter Include="repo_files\prj\common">
      <UniqueIdentifier>{268e682c-12e7-44df-a48e-e7d2a8807353}</UniqueIdentifier>
    </Filter>
    <Filter Include="repo_files\prj\common\common_qt">
      <UniqueIdentifier>{04992b63-0bbb-44a4-87d7-3849f69ea0a1}</UniqueIdentifier>
    </Filter>
    <Filter Include="repo_files\prj\common\common_mkfl">
      <UniqueIdentifier>{8ac567b5-7fc8-417e-b504-3ad8e7f7fb94}</UniqueIdentifier>
    </Filter>
    <Filter Include="repo_files\prj\common\common_mkfl\raw">
      <UniqueIdentifier>{c6ff56d2-f658-4966-b50c-1e322f17789e}</UniqueIdentifier>
    </Filter>
  </ItemGroup>
  <ItemGroup>
    <ClCompile Include="..\..\src\utils\entry_directory_iterator_all.cpp">
      <Filter>Source Files</Filter>
    </ClCompile>
  </ItemGroup>
  <ItemGroup>
    <None Include="..\..\.gitattributes">
      <Filter>repo_files</Filter>
    </None>
    <None Include="..\..\.gitignore">
      <Filter>repo_files</Filter>
    </None>
    <None Include="..\..\.gitmodules">
      <Filter>repo_files</Filter>
    </None>
    <None Include="..\..\LICENSE">
      <Filter>repo_files</Filter>
    </None>
    <None Include="..\..\README.md">
      <Filter>repo_files</Filter>
    </None>
    <None Include="..\..\prj\common\common_qt\flagsandsys_common.pri">
      <Filter>repo_files\prj\common\common_qt</Filter>
    </None>
    <None Include="..\..\prj\common\common_qt\flagsandsys_common_private.pri">
      <Filter>repo_files\prj\common\common_qt</Filter>
    </None>
    <None Include="..\..\prj\common\common_mkfl\flagsandsys_common.unix.Makefile">
      <Filter>repo_files\prj\common\common_mkfl</Filter>
    </None>
    <None Include="..\..\prj\common\common_mkfl\flagsandsys_common.windows.Makefile">
      <Filter>repo_files\prj\common\common_mkfl</Filter>
    </None>
    <None Include="..\..\prj\common\common_mkfl\flagsandsys_common_private.unix.Makefile">
      <Filter>repo_files\prj\common\common_mkfl</Filter>
    </None>
    <None Include="..\..\prj\common\common_mkfl\flagsandsys_common_private.windows.Makefile">
      <Filter>repo_files\prj\common\common_mkfl</Filter>
    </None>
    <None Include="..\..\prj\common\common_mkfl\raw\flagsandsys_common_private_raw.unix.Makefile">
      <Filter>repo_files\prj\common\common_mkfl\raw</Filter>
    </None>
    <None Include="..\..\prj\common\common_mkfl\raw\flagsandsys_common_private_raw.windows.Makefile">
      <Filter>repo_files\prj\common\common_mkfl\raw</Filter>
    </None>
    <None Include="..\..\prj\common\common_mkfl\raw\flagsandsys_common_raw.unix.Makefile">
      <Filter>repo_files\prj\common\common_mkfl\raw</Filter>
    </None>
    <None Include="..\..\prj\common\common_mkfl\raw\flagsandsys_common_raw.windows.Makefile">
      <Filter>repo_files\prj\common\common_mkfl\raw</Filter>
    </None>
  </ItemGroup>
  <ItemGroup>
    <ClInclude Include="..\..\include\directory_iterator\export_symbols.h">
      <Filter>Header Files\include\directory_iterator</Filter>
    </ClInclude>
    <ClInclude Include="..\..\include\directory_iterator\directory_iterator.h">
      <Filter>Header Files\include\directory_iterator</Filter>
    </ClInclude>
  </ItemGroup>
</Project>